
Microsoft Visual Studio Solution File, Format Version 12.00
# Visual Studio Version 17
VisualStudioVersion = 17.5.33502.453
MinimumVisualStudioVersion = 10.0.40219.1
Project("{FAE04EC0-301F-11D3-BF4B-00C04F79EFBC}") = "NPP", "NPP.csproj", "{2D867000-1262-4EEE-979A-D4F8541B087C}"
EndProject
Global
	GlobalSection(SolutionConfigurationPlatforms) = preSolution
		Debug|Any CPU = Debug|Any CPU
		Release|Any CPU = Release|Any CPU
	EndGlobalSection
	GlobalSection(ProjectConfigurationPlatforms) = postSolution
		{2D867000-1262-4EEE-979A-D4F8541B087C}.Debug|Any CPU.ActiveCfg = Debug|Any CPU
		{2D867000-1262-4EEE-979A-D4F8541B087C}.Debug|Any CPU.Build.0 = Debug|Any CPU
		{2D867000-1262-4EEE-979A-D4F8541B087C}.Release|Any CPU.ActiveCfg = Release|Any CPU
		{2D867000-1262-4EEE-979A-D4F8541B087C}.Release|Any CPU.Build.0 = Release|Any CPU
	EndGlobalSection
	GlobalSection(SolutionProperties) = preSolution
		HideSolutionNode = FALSE
	EndGlobalSection
	GlobalSection(ExtensibilityGlobals) = postSolution
		SolutionGuid = {89CDF972-179B-4C28-BB25-F8628F8E050C}
	EndGlobalSection
EndGlobal
